
Microsoft Visual Studio Solution File, Format Version 12.00
# Visual Studio 15
VisualStudioVersion = 15.0.28307.168
MinimumVisualStudioVersion = 10.0.40219.1
Project("{FAE04EC0-301F-11D3-BF4B-00C04F79EFBC}") = "NetEmojicks", "NetEmojicks\NetEmojicks.csproj", "{F414C206-DAA4-4A3D-B4B0-97FE3AA22745}"
EndProject
Global
	GlobalSection(SolutionConfigurationPlatforms) = preSolution
		Debug|Any CPU = Debug|Any CPU
		Release|Any CPU = Release|Any CPU
	EndGlobalSection
	GlobalSection(ProjectConfigurationPlatforms) = postSolution
		{F414C206-DAA4-4A3D-B4B0-97FE3AA22745}.Debug|Any CPU.ActiveCfg = Debug|Any CPU
		{F414C206-DAA4-4A3D-B4B0-97FE3AA22745}.Debug|Any CPU.Build.0 = Debug|Any CPU
		{F414C206-DAA4-4A3D-B4B0-97FE3AA22745}.Release|Any CPU.ActiveCfg = Release|Any CPU
		{F414C206-DAA4-4A3D-B4B0-97FE3AA22745}.Release|Any CPU.Build.0 = Release|Any CPU
	EndGlobalSection
	GlobalSection(SolutionProperties) = preSolution
		HideSolutionNode = FALSE
	EndGlobalSection
	GlobalSection(ExtensibilityGlobals) = postSolution
		SolutionGuid = {E590BEA1-6B68-4E8B-83B8-50595ADDB911}
	EndGlobalSection
EndGlobal
